{
  "version": 4,
  "terraform_version": "0.14.7",
  "serial": 64,
  "lineage": "4f022d48-066d-84b4-483a-5e29e2ff56e1",
  "outputs": {
    "domain": {
      "value": "pcailleau.ca-ang.fabrique-it.fr",
      "type": "string"
    }
  },
  "resources": [
    {
      "mode": "data",
      "type": "digitalocean_record",
      "name": "DNS",
      "provider": "provider[\"registry.terraform.io/digitalocean/digitalocean\"]",
      "instances": []
    },
    {
      "mode": "managed",
      "type": "digitalocean_domain",
      "name": "ca-angers",
      "provider": "provider[\"registry.terraform.io/digitalocean/digitalocean\"]",
      "instances": [
        {
          "schema_version": 0,
          "attributes": {
            "id": "pcailleau.ca-ang.fabrique-it.fr",
            "ip_address": null,
            "name": "pcailleau.ca-ang.fabrique-it.fr",
            "urn": "do:domain:pcailleau.ca-ang.fabrique-it.fr"
          },
          "sensitive_attributes": [],
          "private": "bnVsbA=="
        }
      ]
    },
    {
      "mode": "managed",
      "type": "digitalocean_droplet",
      "name": "ubuntu",
      "provider": "provider[\"registry.terraform.io/digitalocean/digitalocean\"]",
      "instances": [
        {
          "schema_version": 1,
          "attributes": {
            "backups": false,
            "created_at": "2021-02-19T12:47:10Z",
            "disk": 25,
            "id": "232587751",
            "image": "ubuntu-20-04-x64",
            "ipv4_address": "157.230.20.113",
            "ipv4_address_private": "10.135.0.27",
            "ipv6": false,
            "ipv6_address": "",
            "locked": false,
            "memory": 1024,
            "monitoring": false,
            "name": "Ubuntu2004",
            "price_hourly": 0.00744,
            "price_monthly": 5,
            "private_networking": true,
            "region": "fra1",
            "resize_disk": true,
            "size": "s-1vcpu-1gb",
            "ssh_keys": [
              "4b:99:ff:d7:53:17:49:d6:96:a9:4e:cf:ec:b7:19:65"
            ],
            "status": "active",
            "tags": [],
            "urn": "do:droplet:232587751",
            "user_data": null,
            "vcpus": 1,
            "volume_ids": [],
            "vpc_uuid": "fb467a53-dc84-11e8-8b13-3cfdfea9f160"
          },
          "sensitive_attributes": [],
          "private": "eyJzY2hlbWFfdmVyc2lvbiI6IjEifQ==",
          "dependencies": [
            "digitalocean_ssh_key.ssh"
          ]
        }
      ]
    },
    {
      "mode": "managed",
      "type": "digitalocean_record",
      "name": "record",
      "provider": "provider[\"registry.terraform.io/digitalocean/digitalocean\"]",
      "instances": [
        {
          "schema_version": 0,
          "attributes": {
            "domain": "pcailleau.ca-ang.fabrique-it.fr",
            "flags": 0,
            "fqdn": "pcailleau.pcailleau.ca-ang.fabrique-it.fr",
            "id": "136284410",
            "name": "pcailleau",
            "port": 0,
            "priority": 0,
            "tag": "",
            "ttl": 1800,
            "type": "A",
            "value": "162.130.251.2",
            "weight": 0
          },
          "sensitive_attributes": [],
          "private": "bnVsbA==",
          "dependencies": [
            "digitalocean_domain.ca-angers"
          ]
        }
      ]
    },
    {
      "mode": "managed",
      "type": "digitalocean_ssh_key",
      "name": "ssh",
      "provider": "provider[\"registry.terraform.io/digitalocean/digitalocean\"]",
      "instances": [
        {
          "schema_version": 0,
          "attributes": {
            "fingerprint": "4b:99:ff:d7:53:17:49:d6:96:a9:4e:cf:ec:b7:19:65",
            "id": "29648883",
            "name": "SSH KEY",
            "public_key": "ssh-ed25519 AAAAC3NzaC1lZDI1NTE5AAAAIPLAesae080a5ravTA4kOktFKgc7ZioVlzGA0XYfaVie paul@DESKTOP-6EG2DPE"
          },
          "sensitive_attributes": [],
          "private": "bnVsbA=="
        }
      ]
    },
    {
      "mode": "managed",
      "type": "scaleway_rdb_instance_beta",
      "name": "wp-contest",
      "provider": "provider[\"registry.terraform.io/scaleway/scaleway\"]",
      "instances": [
        {
          "schema_version": 0,
          "attributes": {
            "certificate": "-----BEGIN CERTIFICATE-----\nMIID+zCCAuOgAwIBAgIUMvJu+UDEiSwrvN+z8l6G/erulyAwDQYJKoZIhvcNAQEL\nBQAwgYcxCzAJBgNVBAYTAkZSMQ4wDAYDVQQIDAVQYXJpczEOMAwGA1UEBwwFUGFy\naXMxETAPBgNVBAoMCFNjYWxld2F5MUUwQwYDVQQDDDxydy02ZWMwYjc3Zi1mZWM2\nLTQxOWUtYWJmZi1jZjY3MGNlZjkyYmIucmRiLmZyLXBhci5zY3cuY2xvdWQwHhcN\nMjEwMjE5MTQzMzMyWhcNMzEwMjE3MTQzMzMyWjCBhzELMAkGA1UEBhMCRlIxDjAM\nBgNVBAgMBVBhcmlzMQ4wDAYDVQQHDAVQYXJpczERMA8GA1UECgwIU2NhbGV3YXkx\nRTBDBgNVBAMMPHJ3LTZlYzBiNzdmLWZlYzYtNDE5ZS1hYmZmLWNmNjcwY2VmOTJi\nYi5yZGIuZnItcGFyLnNjdy5jbG91ZDCCASIwDQYJKoZIhvcNAQEBBQADggEPADCC\nAQoCggEBAM6vOuTesR1Nm7lfzX/bEHK/LWvwhL76h6g3M+OxhKtiqKlMdCrFz/4s\nJQdDszJnh6vX10QuW4Og1gfk86pPsg9PWdg/nKUg9UP9cpnusXKEIVMAs6JwOGPK\n8uRo2y0X0q3iQifPbNP3Wg/5Qzzeyk13MPs0PTCVoyK6YMZlj9zx75bhuzJjbQ8Z\nzk5I68u+twfbW6qwH5WXgIozLXsJfKsJMPuSFMCaFKUc8H+wfDNhdI+Vgrexbp3y\n3g3ui+1zIap6QLUqoXlcHtPCKoLWIeRkkqsAvoabClpEZoFdVfzzPVNZGGW5SXh+\n62I8UYFEV7XZynJv6d0oYb8aHWYrk50CAwEAAaNdMFswWQYDVR0RBFIwUII8cnct\nNmVjMGI3N2YtZmVjNi00MTllLWFiZmYtY2Y2NzBjZWY5MmJiLnJkYi5mci1wYXIu\nc2N3LmNsb3VkhwQznnD2hwTUL/IdhwQzn3E+MA0GCSqGSIb3DQEBCwUAA4IBAQBS\ngmFq7jSj7kBLvAIc2G0HLJg2eYzUQ0kSNV6h5XC/LrPDbB2xdHDmUHFCOxVSPsVV\nKSoOqE37Tl9IDeDK0MIaI6wbPABRw1CH+pWtuVTV6XHljvJC3ds6BKY/QOYqDQ7F\nI9FtYpJ8qDPVDcSe+miK4y69imOx0HP+yu3WZtEw/VPVsDPFDkhJ2MC5AyPcsIXk\n1ubmQs6We101E17QMnaZqat2OMddd+F3ZhPgo5zbNX7zZrieSEgphpbm8BH1iwPV\nHTDMSoVs35rIJqdwbGXWQs9tbWq54oUQcCTXntgvJKZmnqTTKhw9yEFA/QMWJvRl\n+wpJ5D/cucTfMwtIffzP\n-----END CERTIFICATE-----\n",
            "disable_backup": true,
            "endpoint_ip": "51.159.113.62",
            "endpoint_port": 38933,
            "engine": "MySQL-8",
            "id": "fr-par/6ec0b77f-fec6-419e-abff-cf670cef92bb",
            "is_ha_cluster": true,
            "name": "rdb",
            "node_type": "db-dev-s",
            "organization_id": "4e926237-7038-4e53-b945-59b31f0bcfb5",
            "password": "PaulCa49!",
            "read_replicas": [],
            "region": "fr-par",
            "tags": [],
            "user_name": "admin"
          },
          "sensitive_attributes": [],
          "private": "bnVsbA=="
        }
      ]
    }
  ]
}
